
Microsoft Visual Studio Solution File, Format Version 12.00
Project("{FAE04EC0-301F-11D3-BF4B-00C04F79EFBC}") = "PokeLobby", "PokeLobby\PokeLobby.csproj", "{B0CFB180-37C1-49C1-85ED-8A1B5E026F07}"
EndProject
Global
	GlobalSection(SolutionConfigurationPlatforms) = preSolution
		Debug|Any CPU = Debug|Any CPU
		Release|Any CPU = Release|Any CPU
	EndGlobalSection
	GlobalSection(ProjectConfigurationPlatforms) = postSolution
		{B0CFB180-37C1-49C1-85ED-8A1B5E026F07}.Debug|Any CPU.ActiveCfg = Debug|Any CPU
		{B0CFB180-37C1-49C1-85ED-8A1B5E026F07}.Debug|Any CPU.Build.0 = Debug|Any CPU
		{B0CFB180-37C1-49C1-85ED-8A1B5E026F07}.Release|Any CPU.ActiveCfg = Release|Any CPU
		{B0CFB180-37C1-49C1-85ED-8A1B5E026F07}.Release|Any CPU.Build.0 = Release|Any CPU
	EndGlobalSection
EndGlobal
